// !$*UTF8*$!
{
	archiveVersion = 1;
	classes = {
	};
	objectVersion = 50;
	objects = {

/* Begin PBXBuildFile section */
		9464F36122DDA28B00D078E4 /* AppDelegate.swift in Sources */ = {isa = PBXBuildFile; fileRef = 9464F36022DDA28B00D078E4 /* AppDelegate.swift */; };
		9464F36822DDA28E00D078E4 /* Assets.xcassets in Resources */ = {isa = PBXBuildFile; fileRef = 9464F36722DDA28E00D078E4 /* Assets.xcassets */; };
		9464F36B22DDA28E00D078E4 /* LaunchScreen.storyboard in Resources */ = {isa = PBXBuildFile; fileRef = 9464F36922DDA28E00D078E4 /* LaunchScreen.storyboard */; };
		94EF7BA022E0635A00FA8091 /* CalculatorViewController.xib in Resources */ = {isa = PBXBuildFile; fileRef = 94EF7B9F22E0635A00FA8091 /* CalculatorViewController.xib */; };
		94EF7BA222E0642900FA8091 /* CalculatorViewController.swift in Sources */ = {isa = PBXBuildFile; fileRef = 94EF7BA122E0642900FA8091 /* CalculatorViewController.swift */; };
		94EF7BA622E072F100FA8091 /* CalculatorViewModel.swift in Sources */ = {isa = PBXBuildFile; fileRef = 94EF7BA522E072F100FA8091 /* CalculatorViewModel.swift */; };
		94EF7BAB22E07FF400FA8091 /* CalculatorService.swift in Sources */ = {isa = PBXBuildFile; fileRef = 94EF7BAA22E07FF400FA8091 /* CalculatorService.swift */; };
		94EF7BAD22E0808400FA8091 /* Endpoints.swift in Sources */ = {isa = PBXBuildFile; fileRef = 94EF7BAC22E0808400FA8091 /* Endpoints.swift */; };
		94EF7BB022E0946300FA8091 /* ViewController.swift in Sources */ = {isa = PBXBuildFile; fileRef = 94EF7BAE22E0946300FA8091 /* ViewController.swift */; };
		94EF7BB322E0F06200FA8091 /* CalculatorModel.swift in Sources */ = {isa = PBXBuildFile; fileRef = 94EF7BB222E0F06200FA8091 /* CalculatorModel.swift */; };
		94EF7BB522E0F5A200FA8091 /* CalculatorWireframe.swift in Sources */ = {isa = PBXBuildFile; fileRef = 94EF7BB422E0F5A200FA8091 /* CalculatorWireframe.swift */; };
		94EF7BB822E0F93B00FA8091 /* Main.storyboard in Resources */ = {isa = PBXBuildFile; fileRef = 94EF7BB622E0F93B00FA8091 /* Main.storyboard */; };
		B06582C3AB26B2EE8316D808 /* Pods_AutoCalculateMathStatement.framework in Frameworks */ = {isa = PBXBuildFile; fileRef = D00DEB74E7F937958F22B43A /* Pods_AutoCalculateMathStatement.framework */; };
/* End PBXBuildFile section */

/* Begin PBXFileReference section */
		9464F35D22DDA28B00D078E4 /* AutoCalculateMathStatement.app */ = {isa = PBXFileReference; explicitFileType = wrapper.application; includeInIndex = 0; path = AutoCalculateMathStatement.app; sourceTree = BUILT_PRODUCTS_DIR; };
		9464F36022DDA28B00D078E4 /* AppDelegate.swift */ = {isa = PBXFileReference; lastKnownFileType = sourcecode.swift; path = AppDelegate.swift; sourceTree = "<group>"; };
		9464F36722DDA28E00D078E4 /* Assets.xcassets */ = {isa = PBXFileReference; lastKnownFileType = folder.assetcatalog; path = Assets.xcassets; sourceTree = "<group>"; };
		9464F36A22DDA28E00D078E4 /* Base */ = {isa = PBXFileReference; lastKnownFileType = file.storyboard; name = Base; path = Base.lproj/LaunchScreen.storyboard; sourceTree = "<group>"; };
		9464F36C22DDA28E00D078E4 /* Info.plist */ = {isa = PBXFileReference; lastKnownFileType = text.plist.xml; path = Info.plist; sourceTree = "<group>"; };
		94EF7B9F22E0635A00FA8091 /* CalculatorViewController.xib */ = {isa = PBXFileReference; lastKnownFileType = file.xib; path = CalculatorViewController.xib; sourceTree = "<group>"; };
		94EF7BA122E0642900FA8091 /* CalculatorViewController.swift */ = {isa = PBXFileReference; lastKnownFileType = sourcecode.swift; path = CalculatorViewController.swift; sourceTree = "<group>"; };
		94EF7BA522E072F100FA8091 /* CalculatorViewModel.swift */ = {isa = PBXFileReference; lastKnownFileType = sourcecode.swift; path = CalculatorViewModel.swift; sourceTree = "<group>"; };
		94EF7BAA22E07FF400FA8091 /* CalculatorService.swift */ = {isa = PBXFileReference; lastKnownFileType = sourcecode.swift; path = CalculatorService.swift; sourceTree = "<group>"; };
		94EF7BAC22E0808400FA8091 /* Endpoints.swift */ = {isa = PBXFileReference; lastKnownFileType = sourcecode.swift; path = Endpoints.swift; sourceTree = "<group>"; };
		94EF7BAE22E0946300FA8091 /* ViewController.swift */ = {isa = PBXFileReference; fileEncoding = 4; lastKnownFileType = sourcecode.swift; path = ViewController.swift; sourceTree = "<group>"; };
		94EF7BB222E0F06200FA8091 /* CalculatorModel.swift */ = {isa = PBXFileReference; lastKnownFileType = sourcecode.swift; path = CalculatorModel.swift; sourceTree = "<group>"; };
		94EF7BB422E0F5A200FA8091 /* CalculatorWireframe.swift */ = {isa = PBXFileReference; lastKnownFileType = sourcecode.swift; path = CalculatorWireframe.swift; sourceTree = "<group>"; };
		94EF7BB722E0F93B00FA8091 /* Base */ = {isa = PBXFileReference; lastKnownFileType = file.storyboard; name = Base; path = Base.lproj/Main.storyboard; sourceTree = "<group>"; };
		D00DEB74E7F937958F22B43A /* Pods_AutoCalculateMathStatement.framework */ = {isa = PBXFileReference; explicitFileType = wrapper.framework; includeInIndex = 0; path = Pods_AutoCalculateMathStatement.framework; sourceTree = BUILT_PRODUCTS_DIR; };
		DC289530B66F8D9D3B8FD0F4 /* Pods-AutoCalculateMathStatement.release.xcconfig */ = {isa = PBXFileReference; includeInIndex = 1; lastKnownFileType = text.xcconfig; name = "Pods-AutoCalculateMathStatement.release.xcconfig"; path = "Target Support Files/Pods-AutoCalculateMathStatement/Pods-AutoCalculateMathStatement.release.xcconfig"; sourceTree = "<group>"; };
		F666CF77D6C3CBEDAEB037A8 /* Pods-AutoCalculateMathStatement.debug.xcconfig */ = {isa = PBXFileReference; includeInIndex = 1; lastKnownFileType = text.xcconfig; name = "Pods-AutoCalculateMathStatement.debug.xcconfig"; path = "Target Support Files/Pods-AutoCalculateMathStatement/Pods-AutoCalculateMathStatement.debug.xcconfig"; sourceTree = "<group>"; };
/* End PBXFileReference section */

/* Begin PBXFrameworksBuildPhase section */
		9464F35A22DDA28B00D078E4 /* Frameworks */ = {
			isa = PBXFrameworksBuildPhase;
			buildActionMask = 2147483647;
			files = (
				B06582C3AB26B2EE8316D808 /* Pods_AutoCalculateMathStatement.framework in Frameworks */,
			);
			runOnlyForDeploymentPostprocessing = 0;
		};
/* End PBXFrameworksBuildPhase section */

/* Begin PBXGroup section */
		9464F35422DDA28B00D078E4 = {
			isa = PBXGroup;
			children = (
				9464F35F22DDA28B00D078E4 /* AutoCalculateMathStatement */,
				9464F35E22DDA28B00D078E4 /* Products */,
				BB335ECDE5E45CFC1DED035B /* Pods */,
				A389AE4B4C9BF21355B3C959 /* Frameworks */,
			);
			sourceTree = "<group>";
		};
		9464F35E22DDA28B00D078E4 /* Products */ = {
			isa = PBXGroup;
			children = (
				9464F35D22DDA28B00D078E4 /* AutoCalculateMathStatement.app */,
			);
			name = Products;
			sourceTree = "<group>";
		};
		9464F35F22DDA28B00D078E4 /* AutoCalculateMathStatement */ = {
			isa = PBXGroup;
			children = (
				9464F36022DDA28B00D078E4 /* AppDelegate.swift */,
				9464F36722DDA28E00D078E4 /* Assets.xcassets */,
				9464F37322DDC1CD00D078E4 /* Calculator */,
				94EF7BAC22E0808400FA8091 /* Endpoints.swift */,
				9464F36C22DDA28E00D078E4 /* Info.plist */,
				9464F36922DDA28E00D078E4 /* LaunchScreen.storyboard */,
				94EF7BB622E0F93B00FA8091 /* Main.storyboard */,
				94EF7BAE22E0946300FA8091 /* ViewController.swift */,
			);
			path = AutoCalculateMathStatement;
			sourceTree = "<group>";
		};
		9464F37322DDC1CD00D078E4 /* Calculator */ = {
			isa = PBXGroup;
			children = (
				9464F37722DDC23400D078E4 /* Model */,
				94EF7BA922E07F7100FA8091 /* Service */,
				9464F37522DDC1EA00D078E4 /* View */,
				9464F37622DDC1F000D078E4 /* ViewModel */,
				9464F37822DDC24A00D078E4 /* Wireframe */,
			);
			path = Calculator;
			sourceTree = "<group>";
		};
		9464F37522DDC1EA00D078E4 /* View */ = {
			isa = PBXGroup;
			children = (
				94EF7BA122E0642900FA8091 /* CalculatorViewController.swift */,
				94EF7B9F22E0635A00FA8091 /* CalculatorViewController.xib */,
			);
			path = View;
			sourceTree = "<group>";
		};
		9464F37622DDC1F000D078E4 /* ViewModel */ = {
			isa = PBXGroup;
			children = (
				94EF7BA522E072F100FA8091 /* CalculatorViewModel.swift */,
			);
			path = ViewModel;
			sourceTree = "<group>";
		};
		9464F37722DDC23400D078E4 /* Model */ = {
			isa = PBXGroup;
			children = (
				94EF7BB222E0F06200FA8091 /* CalculatorModel.swift */,
			);
			path = Model;
			sourceTree = "<group>";
		};
		9464F37822DDC24A00D078E4 /* Wireframe */ = {
			isa = PBXGroup;
			children = (
				94EF7BB422E0F5A200FA8091 /* CalculatorWireframe.swift */,
			);
			path = Wireframe;
			sourceTree = "<group>";
		};
		94EF7BA922E07F7100FA8091 /* Service */ = {
			isa = PBXGroup;
			children = (
				94EF7BAA22E07FF400FA8091 /* CalculatorService.swift */,
			);
			path = Service;
			sourceTree = "<group>";
		};
		A389AE4B4C9BF21355B3C959 /* Frameworks */ = {
			isa = PBXGroup;
			children = (
				D00DEB74E7F937958F22B43A /* Pods_AutoCalculateMathStatement.framework */,
			);
			name = Frameworks;
			sourceTree = "<group>";
		};
		BB335ECDE5E45CFC1DED035B /* Pods */ = {
			isa = PBXGroup;
			children = (
				F666CF77D6C3CBEDAEB037A8 /* Pods-AutoCalculateMathStatement.debug.xcconfig */,
				DC289530B66F8D9D3B8FD0F4 /* Pods-AutoCalculateMathStatement.release.xcconfig */,
			);
			path = Pods;
			sourceTree = "<group>";
		};
/* End PBXGroup section */

/* Begin PBXNativeTarget section */
		9464F35C22DDA28B00D078E4 /* AutoCalculateMathStatement */ = {
			isa = PBXNativeTarget;
			buildConfigurationList = 9464F36F22DDA28E00D078E4 /* Build configuration list for PBXNativeTarget "AutoCalculateMathStatement" */;
			buildPhases = (
				F72FD83385E94766B12EFF30 /* [CP] Check Pods Manifest.lock */,
				9464F35922DDA28B00D078E4 /* Sources */,
				9464F35A22DDA28B00D078E4 /* Frameworks */,
				9464F35B22DDA28B00D078E4 /* Resources */,
				6E154E2BDDF2F1246D1BE6A5 /* [CP] Embed Pods Frameworks */,
			);
			buildRules = (
			);
			dependencies = (
			);
			name = AutoCalculateMathStatement;
			productName = MVVMBondSample;
			productReference = 9464F35D22DDA28B00D078E4 /* AutoCalculateMathStatement.app */;
			productType = "com.apple.product-type.application";
		};
/* End PBXNativeTarget section */

/* Begin PBXProject section */
		9464F35522DDA28B00D078E4 /* Project object */ = {
			isa = PBXProject;
			attributes = {
				LastSwiftUpdateCheck = 1020;
				LastUpgradeCheck = 1020;
				ORGANIZATIONNAME = reva;
				TargetAttributes = {
					9464F35C22DDA28B00D078E4 = {
						CreatedOnToolsVersion = 10.2.1;
					};
				};
			};
			buildConfigurationList = 9464F35822DDA28B00D078E4 /* Build configuration list for PBXProject "AutoCalculateMathStatement" */;
			compatibilityVersion = "Xcode 9.3";
			developmentRegion = en;
			hasScannedForEncodings = 0;
			knownRegions = (
				en,
				Base,
			);
			mainGroup = 9464F35422DDA28B00D078E4;
			productRefGroup = 9464F35E22DDA28B00D078E4 /* Products */;
			projectDirPath = "";
			projectRoot = "";
			targets = (
				9464F35C22DDA28B00D078E4 /* AutoCalculateMathStatement */,
			);
		};
/* End PBXProject section */

/* Begin PBXResourcesBuildPhase section */
		9464F35B22DDA28B00D078E4 /* Resources */ = {
			isa = PBXResourcesBuildPhase;
			buildActionMask = 2147483647;
			files = (
				9464F36B22DDA28E00D078E4 /* LaunchScreen.storyboard in Resources */,
				9464F36822DDA28E00D078E4 /* Assets.xcassets in Resources */,
				94EF7BA022E0635A00FA8091 /* CalculatorViewController.xib in Resources */,
				94EF7BB822E0F93B00FA8091 /* Main.storyboard in Resources */,
			);
			runOnlyForDeploymentPostprocessing = 0;
		};
/* End PBXResourcesBuildPhase section */

/* Begin PBXShellScriptBuildPhase section */
		6E154E2BDDF2F1246D1BE6A5 /* [CP] Embed Pods Frameworks */ = {
			isa = PBXShellScriptBuildPhase;
			buildActionMask = 2147483647;
			files = (
			);
			inputFileListPaths = (
			);
			inputPaths = (
				"${PODS_ROOT}/Target Support Files/Pods-AutoCalculateMathStatement/Pods-AutoCalculateMathStatement-frameworks.sh",
				"${BUILT_PRODUCTS_DIR}/Alamofire/Alamofire.framework",
				"${BUILT_PRODUCTS_DIR}/Bond/Bond.framework",
				"${BUILT_PRODUCTS_DIR}/Differ/Differ.framework",
				"${BUILT_PRODUCTS_DIR}/ReactiveKit/ReactiveKit.framework",
			);
			name = "[CP] Embed Pods Frameworks";
			outputFileListPaths = (
			);
			outputPaths = (
				"${TARGET_BUILD_DIR}/${FRAMEWORKS_FOLDER_PATH}/Alamofire.framework",
				"${TARGET_BUILD_DIR}/${FRAMEWORKS_FOLDER_PATH}/Bond.framework",
				"${TARGET_BUILD_DIR}/${FRAMEWORKS_FOLDER_PATH}/Differ.framework",
				"${TARGET_BUILD_DIR}/${FRAMEWORKS_FOLDER_PATH}/ReactiveKit.framework",
			);
			runOnlyForDeploymentPostprocessing = 0;
			shellPath = /bin/sh;
			shellScript = "\"${PODS_ROOT}/Target Support Files/Pods-AutoCalculateMathStatement/Pods-AutoCalculateMathStatement-frameworks.sh\"\n";
			showEnvVarsInLog = 0;
		};
		F72FD83385E94766B12EFF30 /* [CP] Check Pods Manifest.lock */ = {
			isa = PBXShellScriptBuildPhase;
			buildActionMask = 2147483647;
			files = (
			);
			inputFileListPaths = (
			);
			inputPaths = (
				"${PODS_PODFILE_DIR_PATH}/Podfile.lock",
				"${PODS_ROOT}/Manifest.lock",
			);
			name = "[CP] Check Pods Manifest.lock";
			outputFileListPaths = (
			);
			outputPaths = (
				"$(DERIVED_FILE_DIR)/Pods-AutoCalculateMathStatement-checkManifestLockResult.txt",
			);
			runOnlyForDeploymentPostprocessing = 0;
			shellPath = /bin/sh;
			shellScript = "diff \"${PODS_PODFILE_DIR_PATH}/Podfile.lock\" \"${PODS_ROOT}/Manifest.lock\" > /dev/null\nif [ $? != 0 ] ; then\n    # print error to STDERR\n    echo \"error: The sandbox is not in sync with the Podfile.lock. Run 'pod install' or update your CocoaPods installation.\" >&2\n    exit 1\nfi\n# This output is used by Xcode 'outputs' to avoid re-running this script phase.\necho \"SUCCESS\" > \"${SCRIPT_OUTPUT_FILE_0}\"\n";
			showEnvVarsInLog = 0;
		};
/* End PBXShellScriptBuildPhase section */

/* Begin PBXSourcesBuildPhase section */
		9464F35922DDA28B00D078E4 /* Sources */ = {
			isa = PBXSourcesBuildPhase;
			buildActionMask = 2147483647;
			files = (
				94EF7BB522E0F5A200FA8091 /* CalculatorWireframe.swift in Sources */,
				94EF7BA222E0642900FA8091 /* CalculatorViewController.swift in Sources */,
				94EF7BAB22E07FF400FA8091 /* CalculatorService.swift in Sources */,
				9464F36122DDA28B00D078E4 /* AppDelegate.swift in Sources */,
				94EF7BB022E0946300FA8091 /* ViewController.swift in Sources */,
				94EF7BAD22E0808400FA8091 /* Endpoints.swift in Sources */,
				94EF7BA622E072F100FA8091 /* CalculatorViewModel.swift in Sources */,
				94EF7BB322E0F06200FA8091 /* CalculatorModel.swift in Sources */,
			);
			runOnlyForDeploymentPostprocessing = 0;
		};
/* End PBXSourcesBuildPhase section */

/* Begin PBXVariantGroup section */
		9464F36922DDA28E00D078E4 /* LaunchScreen.storyboard */ = {
			isa = PBXVariantGroup;
			children = (
				9464F36A22DDA28E00D078E4 /* Base */,
			);
			name = LaunchScreen.storyboard;
			sourceTree = "<group>";
		};
		94EF7BB622E0F93B00FA8091 /* Main.storyboard */ = {
			isa = PBXVariantGroup;
			children = (
				94EF7BB722E0F93B00FA8091 /* Base */,
			);
			name = Main.storyboard;
			sourceTree = "<group>";
		};
/* End PBXVariantGroup section */

/* Begin XCBuildConfiguration section */
		9464F36D22DDA28E00D078E4 /* Debug */ = {
			isa = XCBuildConfiguration;
			buildSettings = {
				ALWAYS_SEARCH_USER_PATHS = NO;
				CLANG_ANALYZER_NONNULL = YES;
				CLANG_ANALYZER_NUMBER_OBJECT_CONVERSION = YES_AGGRESSIVE;
				CLANG_CXX_LANGUAGE_STANDARD = "gnu++14";
				CLANG_CXX_LIBRARY = "libc++";
				CLANG_ENABLE_MODULES = YES;
				CLANG_ENABLE_OBJC_ARC = YES;
				CLANG_ENABLE_OBJC_WEAK = YES;
				CLANG_WARN_BLOCK_CAPTURE_AUTORELEASING = YES;
				CLANG_WARN_BOOL_CONVERSION = YES;
				CLANG_WARN_COMMA = YES;
				CLANG_WARN_CONSTANT_CONVERSION = YES;
				CLANG_WARN_DEPRECATED_OBJC_IMPLEMENTATIONS = YES;
				CLANG_WARN_DIRECT_OBJC_ISA_USAGE = YES_ERROR;
				CLANG_WARN_DOCUMENTATION_COMMENTS = YES;
				CLANG_WARN_EMPTY_BODY = YES;
				CLANG_WARN_ENUM_CONVERSION = YES;
				CLANG_WARN_INFINITE_RECURSION = YES;
				CLANG_WARN_INT_CONVERSION = YES;
				CLANG_WARN_NON_LITERAL_NULL_CONVERSION = YES;
				CLANG_WARN_OBJC_IMPLICIT_RETAIN_SELF = YES;
				CLANG_WARN_OBJC_LITERAL_CONVERSION = YES;
				CLANG_WARN_OBJC_ROOT_CLASS = YES_ERROR;
				CLANG_WARN_RANGE_LOOP_ANALYSIS = YES;
				CLANG_WARN_STRICT_PROTOTYPES = YES;
				CLANG_WARN_SUSPICIOUS_MOVE = YES;
				CLANG_WARN_UNGUARDED_AVAILABILITY = YES_AGGRESSIVE;
				CLANG_WARN_UNREACHABLE_CODE = YES;
				CLANG_WARN__DUPLICATE_METHOD_MATCH = YES;
				CODE_SIGN_IDENTITY = "iPhone Developer";
				COPY_PHASE_STRIP = NO;
				DEBUG_INFORMATION_FORMAT = dwarf;
				ENABLE_STRICT_OBJC_MSGSEND = YES;
				ENABLE_TESTABILITY = YES;
				GCC_C_LANGUAGE_STANDARD = gnu11;
				GCC_DYNAMIC_NO_PIC = NO;
				GCC_NO_COMMON_BLOCKS = YES;
				GCC_OPTIMIZATION_LEVEL = 0;
				GCC_PREPROCESSOR_DEFINITIONS = (
					"DEBUG=1",
					"$(inherited)",
				);
				GCC_WARN_64_TO_32_BIT_CONVERSION = YES;
				GCC_WARN_ABOUT_RETURN_TYPE = YES_ERROR;
				GCC_WARN_UNDECLARED_SELECTOR = YES;
				GCC_WARN_UNINITIALIZED_AUTOS = YES_AGGRESSIVE;
				GCC_WARN_UNUSED_FUNCTION = YES;
				GCC_WARN_UNUSED_VARIABLE = YES;
				IPHONEOS_DEPLOYMENT_TARGET = 9.0;
				MTL_ENABLE_DEBUG_INFO = INCLUDE_SOURCE;
				MTL_FAST_MATH = YES;
				ONLY_ACTIVE_ARCH = YES;
				SDKROOT = iphoneos;
				SWIFT_ACTIVE_COMPILATION_CONDITIONS = DEBUG;
				SWIFT_OPTIMIZATION_LEVEL = "-Onone";
				SWIFT_VERSION = 4.2;
			};
			name = Debug;
		};
		9464F36E22DDA28E00D078E4 /* Release */ = {
			isa = XCBuildConfiguration;
			buildSettings = {
				ALWAYS_SEARCH_USER_PATHS = NO;
				CLANG_ANALYZER_NONNULL = YES;
				CLANG_ANALYZER_NUMBER_OBJECT_CONVERSION = YES_AGGRESSIVE;
				CLANG_CXX_LANGUAGE_STANDARD = "gnu++14";
				CLANG_CXX_LIBRARY = "libc++";
				CLANG_ENABLE_MODULES = YES;
				CLANG_ENABLE_OBJC_ARC = YES;
				CLANG_ENABLE_OBJC_WEAK = YES;
				CLANG_WARN_BLOCK_CAPTURE_AUTORELEASING = YES;
				CLANG_WARN_BOOL_CONVERSION = YES;
				CLANG_WARN_COMMA = YES;
				CLANG_WARN_CONSTANT_CONVERSION = YES;
				CLANG_WARN_DEPRECATED_OBJC_IMPLEMENTATIONS = YES;
				CLANG_WARN_DIRECT_OBJC_ISA_USAGE = YES_ERROR;
				CLANG_WARN_DOCUMENTATION_COMMENTS = YES;
				CLANG_WARN_EMPTY_BODY = YES;
				CLANG_WARN_ENUM_CONVERSION = YES;
				CLANG_WARN_INFINITE_RECURSION = YES;
				CLANG_WARN_INT_CONVERSION = YES;
				CLANG_WARN_NON_LITERAL_NULL_CONVERSION = YES;
				CLANG_WARN_OBJC_IMPLICIT_RETAIN_SELF = YES;
				CLANG_WARN_OBJC_LITERAL_CONVERSION = YES;
				CLANG_WARN_OBJC_ROOT_CLASS = YES_ERROR;
				CLANG_WARN_RANGE_LOOP_ANALYSIS = YES;
				CLANG_WARN_STRICT_PROTOTYPES = YES;
				CLANG_WARN_SUSPICIOUS_MOVE = YES;
				CLANG_WARN_UNGUARDED_AVAILABILITY = YES_AGGRESSIVE;
				CLANG_WARN_UNREACHABLE_CODE = YES;
				CLANG_WARN__DUPLICATE_METHOD_MATCH = YES;
				CODE_SIGN_IDENTITY = "iPhone Developer";
				COPY_PHASE_STRIP = NO;
				DEBUG_INFORMATION_FORMAT = "dwarf-with-dsym";
				ENABLE_NS_ASSERTIONS = NO;
				ENABLE_STRICT_OBJC_MSGSEND = YES;
				GCC_C_LANGUAGE_STANDARD = gnu11;
				GCC_NO_COMMON_BLOCKS = YES;
				GCC_WARN_64_TO_32_BIT_CONVERSION = YES;
				GCC_WARN_ABOUT_RETURN_TYPE = YES_ERROR;
				GCC_WARN_UNDECLARED_SELECTOR = YES;
				GCC_WARN_UNINITIALIZED_AUTOS = YES_AGGRESSIVE;
				GCC_WARN_UNUSED_FUNCTION = YES;
				GCC_WARN_UNUSED_VARIABLE = YES;
				IPHONEOS_DEPLOYMENT_TARGET = 9.0;
				MTL_ENABLE_DEBUG_INFO = NO;
				MTL_FAST_MATH = YES;
				SDKROOT = iphoneos;
				SWIFT_COMPILATION_MODE = wholemodule;
				SWIFT_OPTIMIZATION_LEVEL = "-O";
				SWIFT_VERSION = 4.2;
				VALIDATE_PRODUCT = YES;
			};
			name = Release;
		};
		9464F37022DDA28E00D078E4 /* Debug */ = {
			isa = XCBuildConfiguration;
			baseConfigurationReference = F666CF77D6C3CBEDAEB037A8 /* Pods-AutoCalculateMathStatement.debug.xcconfig */;
			buildSettings = {
				ASSETCATALOG_COMPILER_APPICON_NAME = AppIcon;
				CODE_SIGN_STYLE = Automatic;
				DEVELOPMENT_TEAM = GMD9X7E44J;
				INFOPLIST_FILE = "$(SRCROOT)/AutoCalculateMathStatement/Info.plist";
				IPHONEOS_DEPLOYMENT_TARGET = 9.0;
				LD_RUNPATH_SEARCH_PATHS = (
					"$(inherited)",
					"@executable_path/Frameworks",
				);
				PRODUCT_BUNDLE_IDENTIFIER = reva.AutoCalculateMathStatement;
				PRODUCT_NAME = "$(TARGET_NAME)";
				SWIFT_VERSION = 4.2;
				TARGETED_DEVICE_FAMILY = "1,2";
			};
			name = Debug;
		};
		9464F37122DDA28E00D078E4 /* Release */ = {
			isa = XCBuildConfiguration;
			baseConfigurationReference = DC289530B66F8D9D3B8FD0F4 /* Pods-AutoCalculateMathStatement.release.xcconfig */;
			buildSettings = {
				ASSETCATALOG_COMPILER_APPICON_NAME = AppIcon;
				CODE_SIGN_STYLE = Automatic;
				DEVELOPMENT_TEAM = GMD9X7E44J;
				INFOPLIST_FILE = "$(SRCROOT)/AutoCalculateMathStatement/Info.plist";
				IPHONEOS_DEPLOYMENT_TARGET = 9.0;
				LD_RUNPATH_SEARCH_PATHS = (
					"$(inherited)",
					"@executable_path/Frameworks",
				);
				PRODUCT_BUNDLE_IDENTIFIER = reva.AutoCalculateMathStatement;
				PRODUCT_NAME = "$(TARGET_NAME)";
				SWIFT_VERSION = 4.2;
				TARGETED_DEVICE_FAMILY = "1,2";
			};
			name = Release;
		};
/* End XCBuildConfiguration section */

/* Begin XCConfigurationList section */
		9464F35822DDA28B00D078E4 /* Build configuration list for PBXProject "AutoCalculateMathStatement" */ = {
			isa = XCConfigurationList;
			buildConfigurations = (
				9464F36D22DDA28E00D078E4 /* Debug */,
				9464F36E22DDA28E00D078E4 /* Release */,
			);
			defaultConfigurationIsVisible = 0;
			defaultConfigurationName = Release;
		};
		9464F36F22DDA28E00D078E4 /* Build configuration list for PBXNativeTarget "AutoCalculateMathStatement" */ = {
			isa = XCConfigurationList;
			buildConfigurations = (
				9464F37022DDA28E00D078E4 /* Debug */,
				9464F37122DDA28E00D078E4 /* Release */,
			);
			defaultConfigurationIsVisible = 0;
			defaultConfigurationName = Release;
		};
/* End XCConfigurationList section */
	};
	rootObject = 9464F35522DDA28B00D078E4 /* Project object */;
}
